
Microsoft Visual Studio Solution File, Format Version 12.00
# Visual Studio Version 17
VisualStudioVersion = 17.0.31903.59
MinimumVisualStudioVersion = 10.0.40219.1
Project("{FAE04EC0-301F-11D3-BF4B-00C04F79EFBC}") = "Assignment2", "Assignment2\Assignment2.csproj", "{03C8BACB-8420-447D-A697-F8C61933BEA9}"
EndProject
Project("{FAE04EC0-301F-11D3-BF4B-00C04F79EFBC}") = "Assignment2.Tests", "Assignment2.Tests\Assignment2.Tests.csproj", "{C2790BB6-6726-4158-A895-0E56F65A086A}"
EndProject
Project("{FAE04EC0-301F-11D3-BF4B-00C04F79EFBC}") = "Students", "Students\Students.csproj", "{E10C1B3C-E829-44FD-A81D-E21756D55BDC}"
EndProject
Project("{FAE04EC0-301F-11D3-BF4B-00C04F79EFBC}") = "Students.Tests", "Students.Tests\Students.Tests.csproj", "{C8F32263-61C2-4795-AF0E-192E03E66635}"
EndProject
Global
	GlobalSection(SolutionConfigurationPlatforms) = preSolution
		Debug|Any CPU = Debug|Any CPU
		Release|Any CPU = Release|Any CPU
	EndGlobalSection
	GlobalSection(SolutionProperties) = preSolution
		HideSolutionNode = FALSE
	EndGlobalSection
	GlobalSection(ProjectConfigurationPlatforms) = postSolution
		{03C8BACB-8420-447D-A697-F8C61933BEA9}.Debug|Any CPU.ActiveCfg = Debug|Any CPU
		{03C8BACB-8420-447D-A697-F8C61933BEA9}.Debug|Any CPU.Build.0 = Debug|Any CPU
		{03C8BACB-8420-447D-A697-F8C61933BEA9}.Release|Any CPU.ActiveCfg = Release|Any CPU
		{03C8BACB-8420-447D-A697-F8C61933BEA9}.Release|Any CPU.Build.0 = Release|Any CPU
		{C2790BB6-6726-4158-A895-0E56F65A086A}.Debug|Any CPU.ActiveCfg = Debug|Any CPU
		{C2790BB6-6726-4158-A895-0E56F65A086A}.Debug|Any CPU.Build.0 = Debug|Any CPU
		{C2790BB6-6726-4158-A895-0E56F65A086A}.Release|Any CPU.ActiveCfg = Release|Any CPU
		{C2790BB6-6726-4158-A895-0E56F65A086A}.Release|Any CPU.Build.0 = Release|Any CPU
		{E10C1B3C-E829-44FD-A81D-E21756D55BDC}.Debug|Any CPU.ActiveCfg = Debug|Any CPU
		{E10C1B3C-E829-44FD-A81D-E21756D55BDC}.Debug|Any CPU.Build.0 = Debug|Any CPU
		{E10C1B3C-E829-44FD-A81D-E21756D55BDC}.Release|Any CPU.ActiveCfg = Release|Any CPU
		{E10C1B3C-E829-44FD-A81D-E21756D55BDC}.Release|Any CPU.Build.0 = Release|Any CPU
		{C8F32263-61C2-4795-AF0E-192E03E66635}.Debug|Any CPU.ActiveCfg = Debug|Any CPU
		{C8F32263-61C2-4795-AF0E-192E03E66635}.Debug|Any CPU.Build.0 = Debug|Any CPU
		{C8F32263-61C2-4795-AF0E-192E03E66635}.Release|Any CPU.ActiveCfg = Release|Any CPU
		{C8F32263-61C2-4795-AF0E-192E03E66635}.Release|Any CPU.Build.0 = Release|Any CPU
	EndGlobalSection
EndGlobal
